
Microsoft Visual Studio Solution File, Format Version 12.00
# Visual Studio 15
VisualStudioVersion = 15.0.28010.2036
MinimumVisualStudioVersion = 10.0.40219.1
Project("{FAE04EC0-301F-11D3-BF4B-00C04F79EFBC}") = "NovemberProjektet", "Sänkaskepp\NovemberProjektet.csproj", "{446D1AA7-72FC-4A90-869F-71567FD0DEFA}"
EndProject
Global
	GlobalSection(SolutionConfigurationPlatforms) = preSolution
		Debug|Any CPU = Debug|Any CPU
		Release|Any CPU = Release|Any CPU
	EndGlobalSection
	GlobalSection(ProjectConfigurationPlatforms) = postSolution
		{446D1AA7-72FC-4A90-869F-71567FD0DEFA}.Debug|Any CPU.ActiveCfg = Debug|Any CPU
		{446D1AA7-72FC-4A90-869F-71567FD0DEFA}.Debug|Any CPU.Build.0 = Debug|Any CPU
		{446D1AA7-72FC-4A90-869F-71567FD0DEFA}.Release|Any CPU.ActiveCfg = Release|Any CPU
		{446D1AA7-72FC-4A90-869F-71567FD0DEFA}.Release|Any CPU.Build.0 = Release|Any CPU
	EndGlobalSection
	GlobalSection(SolutionProperties) = preSolution
		HideSolutionNode = FALSE
	EndGlobalSection
	GlobalSection(ExtensibilityGlobals) = postSolution
		SolutionGuid = {DAF28ACD-909F-45B5-924B-6C83BBC4F8A5}
	EndGlobalSection
EndGlobal
